
Microsoft Visual Studio Solution File, Format Version 12.00
# Visual Studio Version 17
VisualStudioVersion = 17.12.35527.113
MinimumVisualStudioVersion = 10.0.40219.1
Project("{FAE04EC0-301F-11D3-BF4B-00C04F79EFBC}") = "TokuBackend", "TokuBackend\TokuBackend.csproj", "{04068FD4-1936-4433-9333-C6AEE047620C}"
EndProject
Project("{FAE04EC0-301F-11D3-BF4B-00C04F79EFBC}") = "Database", "..\Database\Database\Database.csproj", "{74961ECB-827B-4B1D-8D55-955AED4040CC}"
EndProject
Global
	GlobalSection(SolutionConfigurationPlatforms) = preSolution
		Debug|Any CPU = Debug|Any CPU
		Release|Any CPU = Release|Any CPU
	EndGlobalSection
	GlobalSection(ProjectConfigurationPlatforms) = postSolution
		{04068FD4-1936-4433-9333-C6AEE047620C}.Debug|Any CPU.ActiveCfg = Debug|Any CPU
		{04068FD4-1936-4433-9333-C6AEE047620C}.Debug|Any CPU.Build.0 = Debug|Any CPU
		{04068FD4-1936-4433-9333-C6AEE047620C}.Release|Any CPU.ActiveCfg = Release|Any CPU
		{04068FD4-1936-4433-9333-C6AEE047620C}.Release|Any CPU.Build.0 = Release|Any CPU
		{74961ECB-827B-4B1D-8D55-955AED4040CC}.Debug|Any CPU.ActiveCfg = Debug|Any CPU
		{74961ECB-827B-4B1D-8D55-955AED4040CC}.Debug|Any CPU.Build.0 = Debug|Any CPU
		{74961ECB-827B-4B1D-8D55-955AED4040CC}.Release|Any CPU.ActiveCfg = Release|Any CPU
		{74961ECB-827B-4B1D-8D55-955AED4040CC}.Release|Any CPU.Build.0 = Release|Any CPU
	EndGlobalSection
	GlobalSection(SolutionProperties) = preSolution
		HideSolutionNode = FALSE
	EndGlobalSection
EndGlobal
